
Microsoft Visual Studio Solution File, Format Version 12.00
# Visual Studio Version 16
VisualStudioVersion = 16.0.29409.12
MinimumVisualStudioVersion = 10.0.40219.1
Project("{9A19103F-16F7-4668-BE54-9A1E7A4F7556}") = "TrainingPlatform.API", "TrainingPlatform.API.csproj", "{D9002C3B-0CFC-4BA0-AB69-AC497BB01087}"
EndProject
Global
	GlobalSection(SolutionConfigurationPlatforms) = preSolution
		Debug|Any CPU = Debug|Any CPU
		Release|Any CPU = Release|Any CPU
	EndGlobalSection
	GlobalSection(ProjectConfigurationPlatforms) = postSolution
		{D9002C3B-0CFC-4BA0-AB69-AC497BB01087}.Debug|Any CPU.ActiveCfg = Debug|Any CPU
		{D9002C3B-0CFC-4BA0-AB69-AC497BB01087}.Debug|Any CPU.Build.0 = Debug|Any CPU
		{D9002C3B-0CFC-4BA0-AB69-AC497BB01087}.Release|Any CPU.ActiveCfg = Release|Any CPU
		{D9002C3B-0CFC-4BA0-AB69-AC497BB01087}.Release|Any CPU.Build.0 = Release|Any CPU
	EndGlobalSection
	GlobalSection(SolutionProperties) = preSolution
		HideSolutionNode = FALSE
	EndGlobalSection
	GlobalSection(ExtensibilityGlobals) = postSolution
		SolutionGuid = {654E7122-7B24-4ECE-806C-89BC976C247E}
	EndGlobalSection
EndGlobal
